
Microsoft Visual Studio Solution File, Format Version 9.00
# Visual Studio 2005
Project("{8BC9CEB8-8B4A-11D0-8D11-00A0C91BC942}") = "test_jsoncpp", "test_jsoncpp.vcproj", "{332C16C2-33E2-4E82-B304-592D356A9873}"
EndProject
Global
	GlobalSection(SolutionConfigurationPlatforms) = preSolution
		Debug|Win32 = Debug|Win32
		Release|Win32 = Release|Win32
	EndGlobalSection
	GlobalSection(ProjectConfigurationPlatforms) = postSolution
		{332C16C2-33E2-4E82-B304-592D356A9873}.Debug|Win32.ActiveCfg = Debug|Win32
		{332C16C2-33E2-4E82-B304-592D356A9873}.Debug|Win32.Build.0 = Debug|Win32
		{332C16C2-33E2-4E82-B304-592D356A9873}.Release|Win32.ActiveCfg = Release|Win32
		{332C16C2-33E2-4E82-B304-592D356A9873}.Release|Win32.Build.0 = Release|Win32
	EndGlobalSection
	GlobalSection(SolutionProperties) = preSolution
		HideSolutionNode = FALSE
	EndGlobalSection
EndGlobal
